
Microsoft Visual Studio Solution File, Format Version 12.00
# Visual Studio Version 17
VisualStudioVersion = 17.5.002.0
MinimumVisualStudioVersion = 10.0.40219.1
Project("{2150E333-8FDC-42A3-9474-1A3956D46DE8}") = "tests", "tests", "{1585C31B-15B6-4FC9-8C63-1D53204A49F3}"
EndProject
Project("{2150E333-8FDC-42A3-9474-1A3956D46DE8}") = "apps", "apps", "{B217C7A6-594F-472F-9467-530B0BC3B754}"
EndProject
Project("{9A19103F-16F7-4668-BE54-9A1E7A4F7556}") = "CarActor", "tests\apps\actordotnet\CarActor.csproj", "{B2B2F8BE-71E4-4C19-8D9D-7B3E045FE850}"
EndProject
Project("{9A19103F-16F7-4668-BE54-9A1E7A4F7556}") = "WorkflowActor", "tests\apps\workflowsapp\WorkflowActor.csproj", "{F6B3DA30-EA5C-459C-9F21-F5FDDA055CD5}"
EndProject
Global
	GlobalSection(SolutionConfigurationPlatforms) = preSolution
		Debug|Any CPU = Debug|Any CPU
		Release|Any CPU = Release|Any CPU
	EndGlobalSection
	GlobalSection(ProjectConfigurationPlatforms) = postSolution
		{B2B2F8BE-71E4-4C19-8D9D-7B3E045FE850}.Debug|Any CPU.ActiveCfg = Debug|Any CPU
		{B2B2F8BE-71E4-4C19-8D9D-7B3E045FE850}.Debug|Any CPU.Build.0 = Debug|Any CPU
		{B2B2F8BE-71E4-4C19-8D9D-7B3E045FE850}.Release|Any CPU.ActiveCfg = Release|Any CPU
		{B2B2F8BE-71E4-4C19-8D9D-7B3E045FE850}.Release|Any CPU.Build.0 = Release|Any CPU
		{F6B3DA30-EA5C-459C-9F21-F5FDDA055CD5}.Debug|Any CPU.ActiveCfg = Debug|Any CPU
		{F6B3DA30-EA5C-459C-9F21-F5FDDA055CD5}.Debug|Any CPU.Build.0 = Debug|Any CPU
		{F6B3DA30-EA5C-459C-9F21-F5FDDA055CD5}.Release|Any CPU.ActiveCfg = Release|Any CPU
		{F6B3DA30-EA5C-459C-9F21-F5FDDA055CD5}.Release|Any CPU.Build.0 = Release|Any CPU
	EndGlobalSection
	GlobalSection(SolutionProperties) = preSolution
		HideSolutionNode = FALSE
	EndGlobalSection
	GlobalSection(NestedProjects) = preSolution
		{B217C7A6-594F-472F-9467-530B0BC3B754} = {1585C31B-15B6-4FC9-8C63-1D53204A49F3}
		{B2B2F8BE-71E4-4C19-8D9D-7B3E045FE850} = {B217C7A6-594F-472F-9467-530B0BC3B754}
		{F6B3DA30-EA5C-459C-9F21-F5FDDA055CD5} = {B217C7A6-594F-472F-9467-530B0BC3B754}
	EndGlobalSection
	GlobalSection(ExtensibilityGlobals) = postSolution
		SolutionGuid = {6B407058-5814-4A21-91C9-36FC2733DB4C}
	EndGlobalSection
EndGlobal
